
Microsoft Visual Studio Solution File, Format Version 12.00
# Visual Studio Version 17
VisualStudioVersion = 17.7.34031.279
MinimumVisualStudioVersion = 10.0.40219.1
Project("{FAE04EC0-301F-11D3-BF4B-00C04F79EFBC}") = "DistriColor", "DistriColor.csproj", "{7877E2BE-3F4D-4EE3-99C3-236A7AA67410}"
EndProject
Global
	GlobalSection(SolutionConfigurationPlatforms) = preSolution
		Debug|Any CPU = Debug|Any CPU
		Release|Any CPU = Release|Any CPU
	EndGlobalSection
	GlobalSection(ProjectConfigurationPlatforms) = postSolution
		{7877E2BE-3F4D-4EE3-99C3-236A7AA67410}.Debug|Any CPU.ActiveCfg = Debug|Any CPU
		{7877E2BE-3F4D-4EE3-99C3-236A7AA67410}.Debug|Any CPU.Build.0 = Debug|Any CPU
		{7877E2BE-3F4D-4EE3-99C3-236A7AA67410}.Release|Any CPU.ActiveCfg = Release|Any CPU
		{7877E2BE-3F4D-4EE3-99C3-236A7AA67410}.Release|Any CPU.Build.0 = Release|Any CPU
	EndGlobalSection
	GlobalSection(SolutionProperties) = preSolution
		HideSolutionNode = FALSE
	EndGlobalSection
	GlobalSection(ExtensibilityGlobals) = postSolution
		SolutionGuid = {8025979E-F94B-4846-87A8-E5997136E79B}
	EndGlobalSection
EndGlobal
